
Microsoft Visual Studio Solution File, Format Version 12.00
# Visual Studio Version 16
VisualStudioVersion = 16.0.30114.105
MinimumVisualStudioVersion = 10.0.40219.1
Project("{FAE04EC0-301F-11D3-BF4B-00C04F79EFBC}") = "Json Practice", "Json Practice\Json Practice.csproj", "{A8504313-3A41-4AEE-B91B-AD3F99ACB3CF}"
EndProject
Global
	GlobalSection(SolutionConfigurationPlatforms) = preSolution
		Debug|Any CPU = Debug|Any CPU
		Release|Any CPU = Release|Any CPU
	EndGlobalSection
	GlobalSection(ProjectConfigurationPlatforms) = postSolution
		{A8504313-3A41-4AEE-B91B-AD3F99ACB3CF}.Debug|Any CPU.ActiveCfg = Debug|Any CPU
		{A8504313-3A41-4AEE-B91B-AD3F99ACB3CF}.Debug|Any CPU.Build.0 = Debug|Any CPU
		{A8504313-3A41-4AEE-B91B-AD3F99ACB3CF}.Release|Any CPU.ActiveCfg = Release|Any CPU
		{A8504313-3A41-4AEE-B91B-AD3F99ACB3CF}.Release|Any CPU.Build.0 = Release|Any CPU
	EndGlobalSection
	GlobalSection(SolutionProperties) = preSolution
		HideSolutionNode = FALSE
	EndGlobalSection
	GlobalSection(ExtensibilityGlobals) = postSolution
		SolutionGuid = {0A3CCA2A-00D8-4260-A26F-5C7A9F7C317B}
	EndGlobalSection
EndGlobal
